
Microsoft Visual Studio Solution File, Format Version 12.00
# Visual Studio Version 17
VisualStudioVersion = 17.14.36518.9 d17.14
MinimumVisualStudioVersion = 10.0.40219.1
Project("{FAE04EC0-301F-11D3-BF4B-00C04F79EFBC}") = "ContractClaims", "ContractClaims\ContractClaims.csproj", "{B4355889-1D46-4BC0-A8EC-A62BBDF33F0E}"
EndProject
Project("{FAE04EC0-301F-11D3-BF4B-00C04F79EFBC}") = "Tests", "Tests\Tests.csproj", "{D219C475-62C2-471E-B38A-1D431D0988E7}"
EndProject
Global
	GlobalSection(SolutionConfigurationPlatforms) = preSolution
		Debug|Any CPU = Debug|Any CPU
		Release|Any CPU = Release|Any CPU
	EndGlobalSection
	GlobalSection(ProjectConfigurationPlatforms) = postSolution
		{B4355889-1D46-4BC0-A8EC-A62BBDF33F0E}.Debug|Any CPU.ActiveCfg = Debug|Any CPU
		{B4355889-1D46-4BC0-A8EC-A62BBDF33F0E}.Debug|Any CPU.Build.0 = Debug|Any CPU
		{B4355889-1D46-4BC0-A8EC-A62BBDF33F0E}.Release|Any CPU.ActiveCfg = Release|Any CPU
		{B4355889-1D46-4BC0-A8EC-A62BBDF33F0E}.Release|Any CPU.Build.0 = Release|Any CPU
		{D219C475-62C2-471E-B38A-1D431D0988E7}.Debug|Any CPU.ActiveCfg = Debug|Any CPU
		{D219C475-62C2-471E-B38A-1D431D0988E7}.Debug|Any CPU.Build.0 = Debug|Any CPU
		{D219C475-62C2-471E-B38A-1D431D0988E7}.Release|Any CPU.ActiveCfg = Release|Any CPU
		{D219C475-62C2-471E-B38A-1D431D0988E7}.Release|Any CPU.Build.0 = Release|Any CPU
	EndGlobalSection
	GlobalSection(SolutionProperties) = preSolution
		HideSolutionNode = FALSE
	EndGlobalSection
	GlobalSection(ExtensibilityGlobals) = postSolution
		SolutionGuid = {71B3B659-63AD-445B-B021-6CB87195C8B2}
	EndGlobalSection
EndGlobal
